
Microsoft Visual Studio Solution File, Format Version 12.00
Project("{FAE04EC0-301F-11D3-BF4B-00C04F79EFBC}") = "Live.Identity.API", "src\Live.Identity.API\Live.Identity.API.csproj", "{1885B6C9-98E4-4BC7-AEA6-811214F34C67}"
EndProject
Project("{FAE04EC0-301F-11D3-BF4B-00C04F79EFBC}") = "Live.Identity.Tests", "src\Live.Identity.Tests\Live.Identity.Tests.csproj", "{DBC194F5-0B56-49AA-8F11-C7A727BD925B}"
EndProject
Global
	GlobalSection(SolutionConfigurationPlatforms) = preSolution
		Debug|Any CPU = Debug|Any CPU
		Release|Any CPU = Release|Any CPU
	EndGlobalSection
	GlobalSection(ProjectConfigurationPlatforms) = postSolution
		{1885B6C9-98E4-4BC7-AEA6-811214F34C67}.Debug|Any CPU.ActiveCfg = Debug|Any CPU
		{1885B6C9-98E4-4BC7-AEA6-811214F34C67}.Debug|Any CPU.Build.0 = Debug|Any CPU
		{1885B6C9-98E4-4BC7-AEA6-811214F34C67}.Release|Any CPU.ActiveCfg = Release|Any CPU
		{1885B6C9-98E4-4BC7-AEA6-811214F34C67}.Release|Any CPU.Build.0 = Release|Any CPU
		{DBC194F5-0B56-49AA-8F11-C7A727BD925B}.Debug|Any CPU.ActiveCfg = Debug|Any CPU
		{DBC194F5-0B56-49AA-8F11-C7A727BD925B}.Debug|Any CPU.Build.0 = Debug|Any CPU
		{DBC194F5-0B56-49AA-8F11-C7A727BD925B}.Release|Any CPU.ActiveCfg = Release|Any CPU
		{DBC194F5-0B56-49AA-8F11-C7A727BD925B}.Release|Any CPU.Build.0 = Release|Any CPU
	EndGlobalSection
EndGlobal
